// !$*UTF8*$!
{
	archiveVersion = 1;
	classes = {
	};
	objectVersion = 46;
	objects = {

/* Begin PBXBuildFile section */
		18B6D8DD1AB86018003C1A8B /* main.m in Sources */ = {isa = PBXBuildFile; fileRef = 18B6D8DC1AB86018003C1A8B /* main.m */; };
		18B6D8E01AB86018003C1A8B /* AppDelegate.m in Sources */ = {isa = PBXBuildFile; fileRef = 18B6D8DF1AB86018003C1A8B /* AppDelegate.m */; };
		18B6D8E31AB86018003C1A8B /* ViewController.m in Sources */ = {isa = PBXBuildFile; fileRef = 18B6D8E21AB86018003C1A8B /* ViewController.m */; };
		18B6D8E61AB86018003C1A8B /* Main.storyboard in Resources */ = {isa = PBXBuildFile; fileRef = 18B6D8E41AB86018003C1A8B /* Main.storyboard */; };
		18B6D8E81AB86018003C1A8B /* Images.xcassets in Resources */ = {isa = PBXBuildFile; fileRef = 18B6D8E71AB86018003C1A8B /* Images.xcassets */; };
		18B6D8EB1AB86018003C1A8B /* LaunchScreen.xib in Resources */ = {isa = PBXBuildFile; fileRef = 18B6D8E91AB86018003C1A8B /* LaunchScreen.xib */; };
		18B6D8F71AB86019003C1A8B /* NSDataTests.m in Sources */ = {isa = PBXBuildFile; fileRef = 18B6D8F61AB86019003C1A8B /* NSDataTests.m */; };
		18B6D9021AB86033003C1A8B /* NSData+WJTools.m in Sources */ = {isa = PBXBuildFile; fileRef = 18B6D9011AB86033003C1A8B /* NSData+WJTools.m */; };
/* End PBXBuildFile section */

/* Begin PBXContainerItemProxy section */
		18B6D8F11AB86019003C1A8B /* PBXContainerItemProxy */ = {
			isa = PBXContainerItemProxy;
			containerPortal = 18B6D8CF1AB86018003C1A8B /* Project object */;
			proxyType = 1;
			remoteGlobalIDString = 18B6D8D61AB86018003C1A8B;
			remoteInfo = NSData;
		};
/* End PBXContainerItemProxy section */

/* Begin PBXFileReference section */
		18B6D8D71AB86018003C1A8B /* NSData.app */ = {isa = PBXFileReference; explicitFileType = wrapper.application; includeInIndex = 0; path = NSData.app; sourceTree = BUILT_PRODUCTS_DIR; };
		18B6D8DB1AB86018003C1A8B /* Info.plist */ = {isa = PBXFileReference; lastKnownFileType = text.plist.xml; path = Info.plist; sourceTree = "<group>"; };
		18B6D8DC1AB86018003C1A8B /* main.m */ = {isa = PBXFileReference; lastKnownFileType = sourcecode.c.objc; path = main.m; sourceTree = "<group>"; };
		18B6D8DE1AB86018003C1A8B /* AppDelegate.h */ = {isa = PBXFileReference; lastKnownFileType = sourcecode.c.h; path = AppDelegate.h; sourceTree = "<group>"; };
		18B6D8DF1AB86018003C1A8B /* AppDelegate.m */ = {isa = PBXFileReference; lastKnownFileType = sourcecode.c.objc; path = AppDelegate.m; sourceTree = "<group>"; };
		18B6D8E11AB86018003C1A8B /* ViewController.h */ = {isa = PBXFileReference; lastKnownFileType = sourcecode.c.h; path = ViewController.h; sourceTree = "<group>"; };
		18B6D8E21AB86018003C1A8B /* ViewController.m */ = {isa = PBXFileReference; lastKnownFileType = sourcecode.c.objc; path = ViewController.m; sourceTree = "<group>"; };
		18B6D8E51AB86018003C1A8B /* Base */ = {isa = PBXFileReference; lastKnownFileType = file.storyboard; name = Base; path = Base.lproj/Main.storyboard; sourceTree = "<group>"; };
		18B6D8E71AB86018003C1A8B /* Images.xcassets */ = {isa = PBXFileReference; lastKnownFileType = folder.assetcatalog; path = Images.xcassets; sourceTree = "<group>"; };
		18B6D8EA1AB86018003C1A8B /* Base */ = {isa = PBXFileReference; lastKnownFileType = file.xib; name = Base; path = Base.lproj/LaunchScreen.xib; sourceTree = "<group>"; };
		18B6D8F01AB86019003C1A8B /* NSDataTests.xctest */ = {isa = PBXFileReference; explicitFileType = wrapper.cfbundle; includeInIndex = 0; path = NSDataTests.xctest; sourceTree = BUILT_PRODUCTS_DIR; };
		18B6D8F51AB86019003C1A8B /* Info.plist */ = {isa = PBXFileReference; lastKnownFileType = text.plist.xml; path = Info.plist; sourceTree = "<group>"; };
		18B6D8F61AB86019003C1A8B /* NSDataTests.m */ = {isa = PBXFileReference; lastKnownFileType = sourcecode.c.objc; path = NSDataTests.m; sourceTree = "<group>"; };
		18B6D9001AB86033003C1A8B /* NSData+WJTools.h */ = {isa = PBXFileReference; fileEncoding = 4; lastKnownFileType = sourcecode.c.h; path = "NSData+WJTools.h"; sourceTree = "<group>"; };
		18B6D9011AB86033003C1A8B /* NSData+WJTools.m */ = {isa = PBXFileReference; fileEncoding = 4; lastKnownFileType = sourcecode.c.objc; path = "NSData+WJTools.m"; sourceTree = "<group>"; };
/* End PBXFileReference section */

/* Begin PBXFrameworksBuildPhase section */
		18B6D8D41AB86018003C1A8B /* Frameworks */ = {
			isa = PBXFrameworksBuildPhase;
			buildActionMask = 2147483647;
			files = (
			);
			runOnlyForDeploymentPostprocessing = 0;
		};
		18B6D8ED1AB86019003C1A8B /* Frameworks */ = {
			isa = PBXFrameworksBuildPhase;
			buildActionMask = 2147483647;
			files = (
			);
			runOnlyForDeploymentPostprocessing = 0;
		};
/* End PBXFrameworksBuildPhase section */

/* Begin PBXGroup section */
		18B6D8CE1AB86018003C1A8B = {
			isa = PBXGroup;
			children = (
				18B6D8D91AB86018003C1A8B /* NSData */,
				18B6D8F31AB86019003C1A8B /* NSDataTests */,
				18B6D8D81AB86018003C1A8B /* Products */,
			);
			sourceTree = "<group>";
		};
		18B6D8D81AB86018003C1A8B /* Products */ = {
			isa = PBXGroup;
			children = (
				18B6D8D71AB86018003C1A8B /* NSData.app */,
				18B6D8F01AB86019003C1A8B /* NSDataTests.xctest */,
			);
			name = Products;
			sourceTree = "<group>";
		};
		18B6D8D91AB86018003C1A8B /* NSData */ = {
			isa = PBXGroup;
			children = (
				18B6D8DE1AB86018003C1A8B /* AppDelegate.h */,
				18B6D8DF1AB86018003C1A8B /* AppDelegate.m */,
				18B6D8E11AB86018003C1A8B /* ViewController.h */,
				18B6D8E21AB86018003C1A8B /* ViewController.m */,
				18B6D9001AB86033003C1A8B /* NSData+WJTools.h */,
				18B6D9011AB86033003C1A8B /* NSData+WJTools.m */,
				18B6D8DA1AB86018003C1A8B /* Supporting Files */,
			);
			path = NSData;
			sourceTree = "<group>";
		};
		18B6D8DA1AB86018003C1A8B /* Supporting Files */ = {
			isa = PBXGroup;
			children = (
				18B6D8E41AB86018003C1A8B /* Main.storyboard */,
				18B6D8E71AB86018003C1A8B /* Images.xcassets */,
				18B6D8E91AB86018003C1A8B /* LaunchScreen.xib */,
				18B6D8DB1AB86018003C1A8B /* Info.plist */,
				18B6D8DC1AB86018003C1A8B /* main.m */,
			);
			name = "Supporting Files";
			sourceTree = "<group>";
		};
		18B6D8F31AB86019003C1A8B /* NSDataTests */ = {
			isa = PBXGroup;
			children = (
				18B6D8F61AB86019003C1A8B /* NSDataTests.m */,
				18B6D8F41AB86019003C1A8B /* Supporting Files */,
			);
			path = NSDataTests;
			sourceTree = "<group>";
		};
		18B6D8F41AB86019003C1A8B /* Supporting Files */ = {
			isa = PBXGroup;
			children = (
				18B6D8F51AB86019003C1A8B /* Info.plist */,
			);
			name = "Supporting Files";
			sourceTree = "<group>";
		};
/* End PBXGroup section */

/* Begin PBXNativeTarget section */
		18B6D8D61AB86018003C1A8B /* NSData */ = {
			isa = PBXNativeTarget;
			buildConfigurationList = 18B6D8FA1AB86019003C1A8B /* Build configuration list for PBXNativeTarget "NSData" */;
			buildPhases = (
				18B6D8D31AB86018003C1A8B /* Sources */,
				18B6D8D41AB86018003C1A8B /* Frameworks */,
				18B6D8D51AB86018003C1A8B /* Resources */,
			);
			buildRules = (
			);
			dependencies = (
			);
			name = NSData;
			productName = NSData;
			productReference = 18B6D8D71AB86018003C1A8B /* NSData.app */;
			productType = "com.apple.product-type.application";
		};
		18B6D8EF1AB86019003C1A8B /* NSDataTests */ = {
			isa = PBXNativeTarget;
			buildConfigurationList = 18B6D8FD1AB86019003C1A8B /* Build configuration list for PBXNativeTarget "NSDataTests" */;
			buildPhases = (
				18B6D8EC1AB86019003C1A8B /* Sources */,
				18B6D8ED1AB86019003C1A8B /* Frameworks */,
				18B6D8EE1AB86019003C1A8B /* Resources */,
			);
			buildRules = (
			);
			dependencies = (
				18B6D8F21AB86019003C1A8B /* PBXTargetDependency */,
			);
			name = NSDataTests;
			productName = NSDataTests;
			productReference = 18B6D8F01AB86019003C1A8B /* NSDataTests.xctest */;
			productType = "com.apple.product-type.bundle.unit-test";
		};
/* End PBXNativeTarget section */

/* Begin PBXProject section */
		18B6D8CF1AB86018003C1A8B /* Project object */ = {
			isa = PBXProject;
			attributes = {
				LastUpgradeCheck = 0630;
				ORGANIZATIONNAME = Kevin;
				TargetAttributes = {
					18B6D8D61AB86018003C1A8B = {
						CreatedOnToolsVersion = 6.3;
					};
					18B6D8EF1AB86019003C1A8B = {
						CreatedOnToolsVersion = 6.3;
						TestTargetID = 18B6D8D61AB86018003C1A8B;
					};
				};
			};
			buildConfigurationList = 18B6D8D21AB86018003C1A8B /* Build configuration list for PBXProject "NSData" */;
			compatibilityVersion = "Xcode 3.2";
			developmentRegion = English;
			hasScannedForEncodings = 0;
			knownRegions = (
				en,
				Base,
			);
			mainGroup = 18B6D8CE1AB86018003C1A8B;
			productRefGroup = 18B6D8D81AB86018003C1A8B /* Products */;
			projectDirPath = "";
			projectRoot = "";
			targets = (
				18B6D8D61AB86018003C1A8B /* NSData */,
				18B6D8EF1AB86019003C1A8B /* NSDataTests */,
			);
		};
/* End PBXProject section */

/* Begin PBXResourcesBuildPhase section */
		18B6D8D51AB86018003C1A8B /* Resources */ = {
			isa = PBXResourcesBuildPhase;
			buildActionMask = 2147483647;
			files = (
				18B6D8E61AB86018003C1A8B /* Main.storyboard in Resources */,
				18B6D8EB1AB86018003C1A8B /* LaunchScreen.xib in Resources */,
				18B6D8E81AB86018003C1A8B /* Images.xcassets in Resources */,
			);
			runOnlyForDeploymentPostprocessing = 0;
		};
		18B6D8EE1AB86019003C1A8B /* Resources */ = {
			isa = PBXResourcesBuildPhase;
			buildActionMask = 2147483647;
			files = (
			);
			runOnlyForDeploymentPostprocessing = 0;
		};
/* End PBXResourcesBuildPhase section */

/* Begin PBXSourcesBuildPhase section */
		18B6D8D31AB86018003C1A8B /* Sources */ = {
			isa = PBXSourcesBuildPhase;
			buildActionMask = 2147483647;
			files = (
				18B6D8E31AB86018003C1A8B /* ViewController.m in Sources */,
				18B6D8E01AB86018003C1A8B /* AppDelegate.m in Sources */,
				18B6D8DD1AB86018003C1A8B /* main.m in Sources */,
				18B6D9021AB86033003C1A8B /* NSData+WJTools.m in Sources */,
			);
			runOnlyForDeploymentPostprocessing = 0;
		};
		18B6D8EC1AB86019003C1A8B /* Sources */ = {
			isa = PBXSourcesBuildPhase;
			buildActionMask = 2147483647;
			files = (
				18B6D8F71AB86019003C1A8B /* NSDataTests.m in Sources */,
			);
			runOnlyForDeploymentPostprocessing = 0;
		};
/* End PBXSourcesBuildPhase section */

/* Begin PBXTargetDependency section */
		18B6D8F21AB86019003C1A8B /* PBXTargetDependency */ = {
			isa = PBXTargetDependency;
			target = 18B6D8D61AB86018003C1A8B /* NSData */;
			targetProxy = 18B6D8F11AB86019003C1A8B /* PBXContainerItemProxy */;
		};
/* End PBXTargetDependency section */

/* Begin PBXVariantGroup section */
		18B6D8E41AB86018003C1A8B /* Main.storyboard */ = {
			isa = PBXVariantGroup;
			children = (
				18B6D8E51AB86018003C1A8B /* Base */,
			);
			name = Main.storyboard;
			sourceTree = "<group>";
		};
		18B6D8E91AB86018003C1A8B /* LaunchScreen.xib */ = {
			isa = PBXVariantGroup;
			children = (
				18B6D8EA1AB86018003C1A8B /* Base */,
			);
			name = LaunchScreen.xib;
			sourceTree = "<group>";
		};
/* End PBXVariantGroup section */

/* Begin XCBuildConfiguration section */
		18B6D8F81AB86019003C1A8B /* Debug */ = {
			isa = XCBuildConfiguration;
			buildSettings = {
				ALWAYS_SEARCH_USER_PATHS = NO;
				CLANG_CXX_LANGUAGE_STANDARD = "gnu++0x";
				CLANG_CXX_LIBRARY = "libc++";
				CLANG_ENABLE_MODULES = YES;
				CLANG_ENABLE_OBJC_ARC = YES;
				CLANG_WARN_BOOL_CONVERSION = YES;
				CLANG_WARN_CONSTANT_CONVERSION = YES;
				CLANG_WARN_DIRECT_OBJC_ISA_USAGE = YES_ERROR;
				CLANG_WARN_EMPTY_BODY = YES;
				CLANG_WARN_ENUM_CONVERSION = YES;
				CLANG_WARN_INT_CONVERSION = YES;
				CLANG_WARN_OBJC_ROOT_CLASS = YES_ERROR;
				CLANG_WARN_UNREACHABLE_CODE = YES;
				CLANG_WARN__DUPLICATE_METHOD_MATCH = YES;
				"CODE_SIGN_IDENTITY[sdk=iphoneos*]" = "iPhone Developer";
				COPY_PHASE_STRIP = NO;
				DEBUG_INFORMATION_FORMAT = "dwarf-with-dsym";
				ENABLE_STRICT_OBJC_MSGSEND = YES;
				GCC_C_LANGUAGE_STANDARD = gnu99;
				GCC_DYNAMIC_NO_PIC = NO;
				GCC_NO_COMMON_BLOCKS = YES;
				GCC_OPTIMIZATION_LEVEL = 0;
				GCC_PREPROCESSOR_DEFINITIONS = (
					"DEBUG=1",
					"$(inherited)",
				);
				GCC_SYMBOLS_PRIVATE_EXTERN = NO;
				GCC_WARN_64_TO_32_BIT_CONVERSION = YES;
				GCC_WARN_ABOUT_RETURN_TYPE = YES_ERROR;
				GCC_WARN_UNDECLARED_SELECTOR = YES;
				GCC_WARN_UNINITIALIZED_AUTOS = YES_AGGRESSIVE;
				GCC_WARN_UNUSED_FUNCTION = YES;
				GCC_WARN_UNUSED_VARIABLE = YES;
				IPHONEOS_DEPLOYMENT_TARGET = 8.3;
				MTL_ENABLE_DEBUG_INFO = YES;
				ONLY_ACTIVE_ARCH = YES;
				SDKROOT = iphoneos;
			};
			name = Debug;
		};
		18B6D8F91AB86019003C1A8B /* Release */ = {
			isa = XCBuildConfiguration;
			buildSettings = {
				ALWAYS_SEARCH_USER_PATHS = NO;
				CLANG_CXX_LANGUAGE_STANDARD = "gnu++0x";
				CLANG_CXX_LIBRARY = "libc++";
				CLANG_ENABLE_MODULES = YES;
				CLANG_ENABLE_OBJC_ARC = YES;
				CLANG_WARN_BOOL_CONVERSION = YES;
				CLANG_WARN_CONSTANT_CONVERSION = YES;
				CLANG_WARN_DIRECT_OBJC_ISA_USAGE = YES_ERROR;
				CLANG_WARN_EMPTY_BODY = YES;
				CLANG_WARN_ENUM_CONVERSION = YES;
				CLANG_WARN_INT_CONVERSION = YES;
				CLANG_WARN_OBJC_ROOT_CLASS = YES_ERROR;
				CLANG_WARN_UNREACHABLE_CODE = YES;
				CLANG_WARN__DUPLICATE_METHOD_MATCH = YES;
				"CODE_SIGN_IDENTITY[sdk=iphoneos*]" = "iPhone Developer";
				COPY_PHASE_STRIP = NO;
				DEBUG_INFORMATION_FORMAT = "dwarf-with-dsym";
				ENABLE_NS_ASSERTIONS = NO;
				ENABLE_STRICT_OBJC_MSGSEND = YES;
				GCC_C_LANGUAGE_STANDARD = gnu99;
				GCC_NO_COMMON_BLOCKS = YES;
				GCC_WARN_64_TO_32_BIT_CONVERSION = YES;
				GCC_WARN_ABOUT_RETURN_TYPE = YES_ERROR;
				GCC_WARN_UNDECLARED_SELECTOR = YES;
				GCC_WARN_UNINITIALIZED_AUTOS = YES_AGGRESSIVE;
				GCC_WARN_UNUSED_FUNCTION = YES;
				GCC_WARN_UNUSED_VARIABLE = YES;
				IPHONEOS_DEPLOYMENT_TARGET = 8.3;
				MTL_ENABLE_DEBUG_INFO = NO;
				SDKROOT = iphoneos;
				VALIDATE_PRODUCT = YES;
			};
			name = Release;
		};
		18B6D8FB1AB86019003C1A8B /* Debug */ = {
			isa = XCBuildConfiguration;
			buildSettings = {
				ASSETCATALOG_COMPILER_APPICON_NAME = AppIcon;
				INFOPLIST_FILE = NSData/Info.plist;
				LD_RUNPATH_SEARCH_PATHS = "$(inherited) @executable_path/Frameworks";
				PRODUCT_NAME = "$(TARGET_NAME)";
			};
			name = Debug;
		};
		18B6D8FC1AB86019003C1A8B /* Release */ = {
			isa = XCBuildConfiguration;
			buildSettings = {
				ASSETCATALOG_COMPILER_APPICON_NAME = AppIcon;
				INFOPLIST_FILE = NSData/Info.plist;
				LD_RUNPATH_SEARCH_PATHS = "$(inherited) @executable_path/Frameworks";
				PRODUCT_NAME = "$(TARGET_NAME)";
			};
			name = Release;
		};
		18B6D8FE1AB86019003C1A8B /* Debug */ = {
			isa = XCBuildConfiguration;
			buildSettings = {
				BUNDLE_LOADER = "$(TEST_HOST)";
				FRAMEWORK_SEARCH_PATHS = (
					"$(SDKROOT)/Developer/Library/Frameworks",
					"$(inherited)",
				);
				GCC_PREPROCESSOR_DEFINITIONS = (
					"DEBUG=1",
					"$(inherited)",
				);
				INFOPLIST_FILE = NSDataTests/Info.plist;
				LD_RUNPATH_SEARCH_PATHS = "$(inherited) @executable_path/Frameworks @loader_path/Frameworks";
				PRODUCT_NAME = "$(TARGET_NAME)";
				TEST_HOST = "$(BUILT_PRODUCTS_DIR)/NSData.app/NSData";
			};
			name = Debug;
		};
		18B6D8FF1AB86019003C1A8B /* Release */ = {
			isa = XCBuildConfiguration;
			buildSettings = {
				BUNDLE_LOADER = "$(TEST_HOST)";
				FRAMEWORK_SEARCH_PATHS = (
					"$(SDKROOT)/Developer/Library/Frameworks",
					"$(inherited)",
				);
				INFOPLIST_FILE = NSDataTests/Info.plist;
				LD_RUNPATH_SEARCH_PATHS = "$(inherited) @executable_path/Frameworks @loader_path/Frameworks";
				PRODUCT_NAME = "$(TARGET_NAME)";
				TEST_HOST = "$(BUILT_PRODUCTS_DIR)/NSData.app/NSData";
			};
			name = Release;
		};
/* End XCBuildConfiguration section */

/* Begin XCConfigurationList section */
		18B6D8D21AB86018003C1A8B /* Build configuration list for PBXProject "NSData" */ = {
			isa = XCConfigurationList;
			buildConfigurations = (
				18B6D8F81AB86019003C1A8B /* Debug */,
				18B6D8F91AB86019003C1A8B /* Release */,
			);
			defaultConfigurationIsVisible = 0;
			defaultConfigurationName = Release;
		};
		18B6D8FA1AB86019003C1A8B /* Build configuration list for PBXNativeTarget "NSData" */ = {
			isa = XCConfigurationList;
			buildConfigurations = (
				18B6D8FB1AB86019003C1A8B /* Debug */,
				18B6D8FC1AB86019003C1A8B /* Release */,
			);
			defaultConfigurationIsVisible = 0;
		};
		18B6D8FD1AB86019003C1A8B /* Build configuration list for PBXNativeTarget "NSDataTests" */ = {
			isa = XCConfigurationList;
			buildConfigurations = (
				18B6D8FE1AB86019003C1A8B /* Debug */,
				18B6D8FF1AB86019003C1A8B /* Release */,
			);
			defaultConfigurationIsVisible = 0;
		};
/* End XCConfigurationList section */
	};
	rootObject = 18B6D8CF1AB86018003C1A8B /* Project object */;
}
